// !$*UTF8*$!
{
	archiveVersion = 1;
	classes = {
	};
	objectVersion = 46;
	objects = {

/* Begin PBXBuildFile section */
		C23C05891F3CE8100061283D /* AppDelegate.swift in Sources */ = {isa = PBXBuildFile; fileRef = C23C05881F3CE8100061283D /* AppDelegate.swift */; };
		C23C058F1F3CE86A0061283D /* Assets.xcassets in Resources */ = {isa = PBXBuildFile; fileRef = C23C058E1F3CE86A0061283D /* Assets.xcassets */; };
		C23C05941F3CE89D0061283D /* LaunchScreen.storyboard in Resources */ = {isa = PBXBuildFile; fileRef = C23C05901F3CE89D0061283D /* LaunchScreen.storyboard */; };
		C23C05951F3CE89D0061283D /* Main.storyboard in Resources */ = {isa = PBXBuildFile; fileRef = C23C05921F3CE89D0061283D /* Main.storyboard */; };
		C2A3AC021F3D0A8B00B34ED1 /* WeightRecord.swift in Sources */ = {isa = PBXBuildFile; fileRef = C2A3AC011F3D0A8B00B34ED1 /* WeightRecord.swift */; };
		C2A3AC041F3D0DA900B34ED1 /* WeigthRecordDAO.swift in Sources */ = {isa = PBXBuildFile; fileRef = C2A3AC031F3D0DA900B34ED1 /* WeigthRecordDAO.swift */; };
		C2A3AC061F3D0DC500B34ED1 /* WeigthRecordService.swift in Sources */ = {isa = PBXBuildFile; fileRef = C2A3AC051F3D0DC500B34ED1 /* WeigthRecordService.swift */; };
		C2A3AC081F3D192200B34ED1 /* HomeTableViewController.swift in Sources */ = {isa = PBXBuildFile; fileRef = C2A3AC071F3D192200B34ED1 /* HomeTableViewController.swift */; };
		C2A3AC0A1F3D193800B34ED1 /* SettingsViewController.swift in Sources */ = {isa = PBXBuildFile; fileRef = C2A3AC091F3D193800B34ED1 /* SettingsViewController.swift */; };
		C2A3AC0C1F3D194A00B34ED1 /* AddWeightViewController.swift in Sources */ = {isa = PBXBuildFile; fileRef = C2A3AC0B1F3D194A00B34ED1 /* AddWeightViewController.swift */; };
		C2A3AC0E1F3D24C700B34ED1 /* WeitghtMeasure.swift in Sources */ = {isa = PBXBuildFile; fileRef = C2A3AC0D1F3D24C700B34ED1 /* WeitghtMeasure.swift */; };
		C2A3AC111F3D292400B34ED1 /* WeightTableViewCell.swift in Sources */ = {isa = PBXBuildFile; fileRef = C2A3AC101F3D292400B34ED1 /* WeightTableViewCell.swift */; };
		C2A3AC141F3D32BE00B34ED1 /* Date.swift in Sources */ = {isa = PBXBuildFile; fileRef = C2A3AC131F3D32BE00B34ED1 /* Date.swift */; };
		C2A3AC161F3D3BFF00B34ED1 /* String.swift in Sources */ = {isa = PBXBuildFile; fileRef = C2A3AC151F3D3BFF00B34ED1 /* String.swift */; };
		C2A3AC191F3D48B100B34ED1 /* WeightsDB.xcdatamodeld in Sources */ = {isa = PBXBuildFile; fileRef = C2A3AC171F3D48B100B34ED1 /* WeightsDB.xcdatamodeld */; };
		F5F3A8AE086C701F68020D32 /* Pods_Weight_Matters.framework in Frameworks */ = {isa = PBXBuildFile; fileRef = 988C658B19BE6E217588DDA8 /* Pods_Weight_Matters.framework */; };
/* End PBXBuildFile section */

/* Begin PBXFileReference section */
		4FEABC0EDECB5EF91F779425 /* Pods-Weight Matters.release.xcconfig */ = {isa = PBXFileReference; includeInIndex = 1; lastKnownFileType = text.xcconfig; name = "Pods-Weight Matters.release.xcconfig"; path = "Pods/Target Support Files/Pods-Weight Matters/Pods-Weight Matters.release.xcconfig"; sourceTree = "<group>"; };
		68EDC2B2827EBC75DE0A614D /* Pods-Weight Matters.debug.xcconfig */ = {isa = PBXFileReference; includeInIndex = 1; lastKnownFileType = text.xcconfig; name = "Pods-Weight Matters.debug.xcconfig"; path = "Pods/Target Support Files/Pods-Weight Matters/Pods-Weight Matters.debug.xcconfig"; sourceTree = "<group>"; };
		988C658B19BE6E217588DDA8 /* Pods_Weight_Matters.framework */ = {isa = PBXFileReference; explicitFileType = wrapper.framework; includeInIndex = 0; path = Pods_Weight_Matters.framework; sourceTree = BUILT_PRODUCTS_DIR; };
		C23C056D1F3CCF9F0061283D /* Weight Matters.app */ = {isa = PBXFileReference; explicitFileType = wrapper.application; includeInIndex = 0; path = "Weight Matters.app"; sourceTree = BUILT_PRODUCTS_DIR; };
		C23C05881F3CE8100061283D /* AppDelegate.swift */ = {isa = PBXFileReference; fileEncoding = 4; lastKnownFileType = sourcecode.swift; name = AppDelegate.swift; path = main/AppDelegate.swift; sourceTree = "<group>"; };
		C23C058C1F3CE8590061283D /* Info.plist */ = {isa = PBXFileReference; fileEncoding = 4; lastKnownFileType = text.plist.xml; name = Info.plist; path = resources/Info.plist; sourceTree = "<group>"; };
		C23C058E1F3CE86A0061283D /* Assets.xcassets */ = {isa = PBXFileReference; lastKnownFileType = folder.assetcatalog; name = Assets.xcassets; path = resources/Assets.xcassets; sourceTree = "<group>"; };
		C23C05911F3CE89D0061283D /* Base */ = {isa = PBXFileReference; lastKnownFileType = file.storyboard; name = Base; path = resources/Base.lproj/LaunchScreen.storyboard; sourceTree = "<group>"; };
		C23C05931F3CE89D0061283D /* Base */ = {isa = PBXFileReference; lastKnownFileType = file.storyboard; name = Base; path = resources/Base.lproj/Main.storyboard; sourceTree = "<group>"; };
		C2A3AC011F3D0A8B00B34ED1 /* WeightRecord.swift */ = {isa = PBXFileReference; fileEncoding = 4; lastKnownFileType = sourcecode.swift; name = WeightRecord.swift; path = model/WeightRecord.swift; sourceTree = "<group>"; };
		C2A3AC031F3D0DA900B34ED1 /* WeigthRecordDAO.swift */ = {isa = PBXFileReference; fileEncoding = 4; lastKnownFileType = sourcecode.swift; name = WeigthRecordDAO.swift; path = dao/WeigthRecordDAO.swift; sourceTree = "<group>"; };
		C2A3AC051F3D0DC500B34ED1 /* WeigthRecordService.swift */ = {isa = PBXFileReference; fileEncoding = 4; lastKnownFileType = sourcecode.swift; name = WeigthRecordService.swift; path = service/WeigthRecordService.swift; sourceTree = "<group>"; };
		C2A3AC071F3D192200B34ED1 /* HomeTableViewController.swift */ = {isa = PBXFileReference; fileEncoding = 4; lastKnownFileType = sourcecode.swift; name = HomeTableViewController.swift; path = viewController/HomeTableViewController.swift; sourceTree = "<group>"; };
		C2A3AC091F3D193800B34ED1 /* SettingsViewController.swift */ = {isa = PBXFileReference; fileEncoding = 4; lastKnownFileType = sourcecode.swift; name = SettingsViewController.swift; path = viewController/SettingsViewController.swift; sourceTree = "<group>"; };
		C2A3AC0B1F3D194A00B34ED1 /* AddWeightViewController.swift */ = {isa = PBXFileReference; fileEncoding = 4; lastKnownFileType = sourcecode.swift; name = AddWeightViewController.swift; path = viewController/AddWeightViewController.swift; sourceTree = "<group>"; };
		C2A3AC0D1F3D24C700B34ED1 /* WeitghtMeasure.swift */ = {isa = PBXFileReference; fileEncoding = 4; lastKnownFileType = sourcecode.swift; name = WeitghtMeasure.swift; path = model/WeitghtMeasure.swift; sourceTree = "<group>"; };
		C2A3AC101F3D292400B34ED1 /* WeightTableViewCell.swift */ = {isa = PBXFileReference; fileEncoding = 4; lastKnownFileType = sourcecode.swift; path = WeightTableViewCell.swift; sourceTree = "<group>"; };
		C2A3AC131F3D32BE00B34ED1 /* Date.swift */ = {isa = PBXFileReference; fileEncoding = 4; lastKnownFileType = sourcecode.swift; path = Date.swift; sourceTree = "<group>"; };
		C2A3AC151F3D3BFF00B34ED1 /* String.swift */ = {isa = PBXFileReference; fileEncoding = 4; lastKnownFileType = sourcecode.swift; path = String.swift; sourceTree = "<group>"; };
		C2A3AC181F3D48B100B34ED1 /* WeightsDB.xcdatamodel */ = {isa = PBXFileReference; lastKnownFileType = wrapper.xcdatamodel; path = WeightsDB.xcdatamodel; sourceTree = "<group>"; };
/* End PBXFileReference section */

/* Begin PBXFrameworksBuildPhase section */
		C23C056A1F3CCF9F0061283D /* Frameworks */ = {
			isa = PBXFrameworksBuildPhase;
			buildActionMask = 2147483647;
			files = (
				F5F3A8AE086C701F68020D32 /* Pods_Weight_Matters.framework in Frameworks */,
			);
			runOnlyForDeploymentPostprocessing = 0;
		};
/* End PBXFrameworksBuildPhase section */

/* Begin PBXGroup section */
		11FCDAE891F815BB0993F8BB /* Frameworks */ = {
			isa = PBXGroup;
			children = (
				988C658B19BE6E217588DDA8 /* Pods_Weight_Matters.framework */,
			);
			name = Frameworks;
			sourceTree = "<group>";
		};
		6BA93E250F0540D4745CF646 /* Pods */ = {
			isa = PBXGroup;
			children = (
				68EDC2B2827EBC75DE0A614D /* Pods-Weight Matters.debug.xcconfig */,
				4FEABC0EDECB5EF91F779425 /* Pods-Weight Matters.release.xcconfig */,
			);
			name = Pods;
			sourceTree = "<group>";
		};
		C23C05641F3CCF9F0061283D = {
			isa = PBXGroup;
			children = (
				C23C056F1F3CCF9F0061283D /* Weight Matters */,
				C23C056E1F3CCF9F0061283D /* Products */,
				6BA93E250F0540D4745CF646 /* Pods */,
				11FCDAE891F815BB0993F8BB /* Frameworks */,
			);
			sourceTree = "<group>";
		};
		C23C056E1F3CCF9F0061283D /* Products */ = {
			isa = PBXGroup;
			children = (
				C23C056D1F3CCF9F0061283D /* Weight Matters.app */,
			);
			name = Products;
			sourceTree = "<group>";
		};
		C23C056F1F3CCF9F0061283D /* Weight Matters */ = {
			isa = PBXGroup;
			children = (
				C23C05821F3CE7170061283D /* main */,
				C2A3AC121F3D32B000B34ED1 /* extension */,
				C23C05841F3CE7200061283D /* model */,
				C23C05831F3CE71C0061283D /* dao */,
				C23C05851F3CE7260061283D /* service */,
				C23C05861F3CE7380061283D /* viewController */,
				C2A3AC0F1F3D290900B34ED1 /* view */,
				C23C05871F3CE74F0061283D /* resources */,
			);
			path = "Weight Matters";
			sourceTree = "<group>";
		};
		C23C05821F3CE7170061283D /* main */ = {
			isa = PBXGroup;
			children = (
				C23C05881F3CE8100061283D /* AppDelegate.swift */,
			);
			name = main;
			sourceTree = "<group>";
		};
		C23C05831F3CE71C0061283D /* dao */ = {
			isa = PBXGroup;
			children = (
				C2A3AC031F3D0DA900B34ED1 /* WeigthRecordDAO.swift */,
			);
			name = dao;
			sourceTree = "<group>";
		};
		C23C05841F3CE7200061283D /* model */ = {
			isa = PBXGroup;
			children = (
				C2A3AC011F3D0A8B00B34ED1 /* WeightRecord.swift */,
				C2A3AC0D1F3D24C700B34ED1 /* WeitghtMeasure.swift */,
			);
			name = model;
			sourceTree = "<group>";
		};
		C23C05851F3CE7260061283D /* service */ = {
			isa = PBXGroup;
			children = (
				C2A3AC051F3D0DC500B34ED1 /* WeigthRecordService.swift */,
			);
			name = service;
			sourceTree = "<group>";
		};
		C23C05861F3CE7380061283D /* viewController */ = {
			isa = PBXGroup;
			children = (
				C2A3AC071F3D192200B34ED1 /* HomeTableViewController.swift */,
				C2A3AC091F3D193800B34ED1 /* SettingsViewController.swift */,
				C2A3AC0B1F3D194A00B34ED1 /* AddWeightViewController.swift */,
			);
			name = viewController;
			sourceTree = "<group>";
		};
		C23C05871F3CE74F0061283D /* resources */ = {
			isa = PBXGroup;
			children = (
				C23C05901F3CE89D0061283D /* LaunchScreen.storyboard */,
				C23C05921F3CE89D0061283D /* Main.storyboard */,
				C23C058E1F3CE86A0061283D /* Assets.xcassets */,
				C23C058C1F3CE8590061283D /* Info.plist */,
				C2A3AC171F3D48B100B34ED1 /* WeightsDB.xcdatamodeld */,
			);
			name = resources;
			sourceTree = "<group>";
		};
		C2A3AC0F1F3D290900B34ED1 /* view */ = {
			isa = PBXGroup;
			children = (
				C2A3AC101F3D292400B34ED1 /* WeightTableViewCell.swift */,
			);
			path = view;
			sourceTree = "<group>";
		};
		C2A3AC121F3D32B000B34ED1 /* extension */ = {
			isa = PBXGroup;
			children = (
				C2A3AC131F3D32BE00B34ED1 /* Date.swift */,
				C2A3AC151F3D3BFF00B34ED1 /* String.swift */,
			);
			path = extension;
			sourceTree = "<group>";
		};
/* End PBXGroup section */

/* Begin PBXNativeTarget section */
		C23C056C1F3CCF9F0061283D /* Weight Matters */ = {
			isa = PBXNativeTarget;
			buildConfigurationList = C23C057F1F3CCF9F0061283D /* Build configuration list for PBXNativeTarget "Weight Matters" */;
			buildPhases = (
				AB3ACDAC57B41D94F3255D22 /* [CP] Check Pods Manifest.lock */,
				C23C05691F3CCF9F0061283D /* Sources */,
				C23C056A1F3CCF9F0061283D /* Frameworks */,
				C23C056B1F3CCF9F0061283D /* Resources */,
				0C971ADE5A20ADE6112B2171 /* [CP] Embed Pods Frameworks */,
				505C81690E11C503C4DC1680 /* [CP] Copy Pods Resources */,
			);
			buildRules = (
			);
			dependencies = (
			);
			name = "Weight Matters";
			productName = "Weight Matters";
			productReference = C23C056D1F3CCF9F0061283D /* Weight Matters.app */;
			productType = "com.apple.product-type.application";
		};
/* End PBXNativeTarget section */

/* Begin PBXProject section */
		C23C05651F3CCF9F0061283D /* Project object */ = {
			isa = PBXProject;
			attributes = {
				LastSwiftUpdateCheck = 0830;
				LastUpgradeCheck = 0830;
				ORGANIZATIONNAME = "Gerardo Kilmurray";
				TargetAttributes = {
					C23C056C1F3CCF9F0061283D = {
						CreatedOnToolsVersion = 8.3.3;
						DevelopmentTeam = 8W9S8HSZ56;
						ProvisioningStyle = Automatic;
					};
				};
			};
			buildConfigurationList = C23C05681F3CCF9F0061283D /* Build configuration list for PBXProject "Weight Matters" */;
			compatibilityVersion = "Xcode 3.2";
			developmentRegion = English;
			hasScannedForEncodings = 0;
			knownRegions = (
				en,
				Base,
			);
			mainGroup = C23C05641F3CCF9F0061283D;
			productRefGroup = C23C056E1F3CCF9F0061283D /* Products */;
			projectDirPath = "";
			projectRoot = "";
			targets = (
				C23C056C1F3CCF9F0061283D /* Weight Matters */,
			);
		};
/* End PBXProject section */

/* Begin PBXResourcesBuildPhase section */
		C23C056B1F3CCF9F0061283D /* Resources */ = {
			isa = PBXResourcesBuildPhase;
			buildActionMask = 2147483647;
			files = (
				C23C05941F3CE89D0061283D /* LaunchScreen.storyboard in Resources */,
				C23C058F1F3CE86A0061283D /* Assets.xcassets in Resources */,
				C23C05951F3CE89D0061283D /* Main.storyboard in Resources */,
			);
			runOnlyForDeploymentPostprocessing = 0;
		};
/* End PBXResourcesBuildPhase section */

/* Begin PBXShellScriptBuildPhase section */
		0C971ADE5A20ADE6112B2171 /* [CP] Embed Pods Frameworks */ = {
			isa = PBXShellScriptBuildPhase;
			buildActionMask = 2147483647;
			files = (
			);
			inputPaths = (
				"${SRCROOT}/Pods/Target Support Files/Pods-Weight Matters/Pods-Weight Matters-frameworks.sh",
				"${BUILT_PRODUCTS_DIR}/SideMenu/SideMenu.framework",
			);
			name = "[CP] Embed Pods Frameworks";
			outputPaths = (
				"${TARGET_BUILD_DIR}/${FRAMEWORKS_FOLDER_PATH}/SideMenu.framework",
			);
			runOnlyForDeploymentPostprocessing = 0;
			shellPath = /bin/sh;
			shellScript = "\"${SRCROOT}/Pods/Target Support Files/Pods-Weight Matters/Pods-Weight Matters-frameworks.sh\"\n";
			showEnvVarsInLog = 0;
		};
		505C81690E11C503C4DC1680 /* [CP] Copy Pods Resources */ = {
			isa = PBXShellScriptBuildPhase;
			buildActionMask = 2147483647;
			files = (
			);
			inputPaths = (
			);
			name = "[CP] Copy Pods Resources";
			outputPaths = (
			);
			runOnlyForDeploymentPostprocessing = 0;
			shellPath = /bin/sh;
			shellScript = "\"${SRCROOT}/Pods/Target Support Files/Pods-Weight Matters/Pods-Weight Matters-resources.sh\"\n";
			showEnvVarsInLog = 0;
		};
		AB3ACDAC57B41D94F3255D22 /* [CP] Check Pods Manifest.lock */ = {
			isa = PBXShellScriptBuildPhase;
			buildActionMask = 2147483647;
			files = (
			);
			inputPaths = (
				"${PODS_PODFILE_DIR_PATH}/Podfile.lock",
				"${PODS_ROOT}/Manifest.lock",
			);
			name = "[CP] Check Pods Manifest.lock";
			outputPaths = (
				"$(DERIVED_FILE_DIR)/Pods-Weight Matters-checkManifestLockResult.txt",
			);
			runOnlyForDeploymentPostprocessing = 0;
			shellPath = /bin/sh;
			shellScript = "diff \"${PODS_PODFILE_DIR_PATH}/Podfile.lock\" \"${PODS_ROOT}/Manifest.lock\" > /dev/null\nif [ $? != 0 ] ; then\n    # print error to STDERR\n    echo \"error: The sandbox is not in sync with the Podfile.lock. Run 'pod install' or update your CocoaPods installation.\" >&2\n    exit 1\nfi\n# This output is used by Xcode 'outputs' to avoid re-running this script phase.\necho \"SUCCESS\" > \"${SCRIPT_OUTPUT_FILE_0}\"\n";
			showEnvVarsInLog = 0;
		};
/* End PBXShellScriptBuildPhase section */

/* Begin PBXSourcesBuildPhase section */
		C23C05691F3CCF9F0061283D /* Sources */ = {
			isa = PBXSourcesBuildPhase;
			buildActionMask = 2147483647;
			files = (
				C2A3AC0C1F3D194A00B34ED1 /* AddWeightViewController.swift in Sources */,
				C2A3AC161F3D3BFF00B34ED1 /* String.swift in Sources */,
				C2A3AC141F3D32BE00B34ED1 /* Date.swift in Sources */,
				C2A3AC191F3D48B100B34ED1 /* WeightsDB.xcdatamodeld in Sources */,
				C2A3AC021F3D0A8B00B34ED1 /* WeightRecord.swift in Sources */,
				C2A3AC111F3D292400B34ED1 /* WeightTableViewCell.swift in Sources */,
				C23C05891F3CE8100061283D /* AppDelegate.swift in Sources */,
				C2A3AC041F3D0DA900B34ED1 /* WeigthRecordDAO.swift in Sources */,
				C2A3AC061F3D0DC500B34ED1 /* WeigthRecordService.swift in Sources */,
				C2A3AC0E1F3D24C700B34ED1 /* WeitghtMeasure.swift in Sources */,
				C2A3AC081F3D192200B34ED1 /* HomeTableViewController.swift in Sources */,
				C2A3AC0A1F3D193800B34ED1 /* SettingsViewController.swift in Sources */,
			);
			runOnlyForDeploymentPostprocessing = 0;
		};
/* End PBXSourcesBuildPhase section */

/* Begin PBXVariantGroup section */
		C23C05901F3CE89D0061283D /* LaunchScreen.storyboard */ = {
			isa = PBXVariantGroup;
			children = (
				C23C05911F3CE89D0061283D /* Base */,
			);
			name = LaunchScreen.storyboard;
			sourceTree = "<group>";
		};
		C23C05921F3CE89D0061283D /* Main.storyboard */ = {
			isa = PBXVariantGroup;
			children = (
				C23C05931F3CE89D0061283D /* Base */,
			);
			name = Main.storyboard;
			sourceTree = "<group>";
		};
/* End PBXVariantGroup section */

/* Begin XCBuildConfiguration section */
		C23C057D1F3CCF9F0061283D /* Debug */ = {
			isa = XCBuildConfiguration;
			buildSettings = {
				ALWAYS_SEARCH_USER_PATHS = NO;
				CLANG_ANALYZER_NONNULL = YES;
				CLANG_ANALYZER_NUMBER_OBJECT_CONVERSION = YES_AGGRESSIVE;
				CLANG_CXX_LANGUAGE_STANDARD = "gnu++0x";
				CLANG_CXX_LIBRARY = "libc++";
				CLANG_ENABLE_MODULES = YES;
				CLANG_ENABLE_OBJC_ARC = YES;
				CLANG_WARN_BOOL_CONVERSION = YES;
				CLANG_WARN_CONSTANT_CONVERSION = YES;
				CLANG_WARN_DIRECT_OBJC_ISA_USAGE = YES_ERROR;
				CLANG_WARN_DOCUMENTATION_COMMENTS = YES;
				CLANG_WARN_EMPTY_BODY = YES;
				CLANG_WARN_ENUM_CONVERSION = YES;
				CLANG_WARN_INFINITE_RECURSION = YES;
				CLANG_WARN_INT_CONVERSION = YES;
				CLANG_WARN_OBJC_ROOT_CLASS = YES_ERROR;
				CLANG_WARN_SUSPICIOUS_MOVE = YES;
				CLANG_WARN_UNREACHABLE_CODE = YES;
				CLANG_WARN__DUPLICATE_METHOD_MATCH = YES;
				"CODE_SIGN_IDENTITY[sdk=iphoneos*]" = "iPhone Developer";
				COPY_PHASE_STRIP = NO;
				DEBUG_INFORMATION_FORMAT = dwarf;
				ENABLE_STRICT_OBJC_MSGSEND = YES;
				ENABLE_TESTABILITY = YES;
				GCC_C_LANGUAGE_STANDARD = gnu99;
				GCC_DYNAMIC_NO_PIC = NO;
				GCC_NO_COMMON_BLOCKS = YES;
				GCC_OPTIMIZATION_LEVEL = 0;
				GCC_PREPROCESSOR_DEFINITIONS = (
					"DEBUG=1",
					"$(inherited)",
				);
				GCC_WARN_64_TO_32_BIT_CONVERSION = YES;
				GCC_WARN_ABOUT_RETURN_TYPE = YES_ERROR;
				GCC_WARN_UNDECLARED_SELECTOR = YES;
				GCC_WARN_UNINITIALIZED_AUTOS = YES_AGGRESSIVE;
				GCC_WARN_UNUSED_FUNCTION = YES;
				GCC_WARN_UNUSED_VARIABLE = YES;
				IPHONEOS_DEPLOYMENT_TARGET = 10.3;
				MTL_ENABLE_DEBUG_INFO = YES;
				ONLY_ACTIVE_ARCH = YES;
				SDKROOT = iphoneos;
				SWIFT_ACTIVE_COMPILATION_CONDITIONS = DEBUG;
				SWIFT_OPTIMIZATION_LEVEL = "-Onone";
			};
			name = Debug;
		};
		C23C057E1F3CCF9F0061283D /* Release */ = {
			isa = XCBuildConfiguration;
			buildSettings = {
				ALWAYS_SEARCH_USER_PATHS = NO;
				CLANG_ANALYZER_NONNULL = YES;
				CLANG_ANALYZER_NUMBER_OBJECT_CONVERSION = YES_AGGRESSIVE;
				CLANG_CXX_LANGUAGE_STANDARD = "gnu++0x";
				CLANG_CXX_LIBRARY = "libc++";
				CLANG_ENABLE_MODULES = YES;
				CLANG_ENABLE_OBJC_ARC = YES;
				CLANG_WARN_BOOL_CONVERSION = YES;
				CLANG_WARN_CONSTANT_CONVERSION = YES;
				CLANG_WARN_DIRECT_OBJC_ISA_USAGE = YES_ERROR;
				CLANG_WARN_DOCUMENTATION_COMMENTS = YES;
				CLANG_WARN_EMPTY_BODY = YES;
				CLANG_WARN_ENUM_CONVERSION = YES;
				CLANG_WARN_INFINITE_RECURSION = YES;
				CLANG_WARN_INT_CONVERSION = YES;
				CLANG_WARN_OBJC_ROOT_CLASS = YES_ERROR;
				CLANG_WARN_SUSPICIOUS_MOVE = YES;
				CLANG_WARN_UNREACHABLE_CODE = YES;
				CLANG_WARN__DUPLICATE_METHOD_MATCH = YES;
				"CODE_SIGN_IDENTITY[sdk=iphoneos*]" = "iPhone Developer";
				COPY_PHASE_STRIP = NO;
				DEBUG_INFORMATION_FORMAT = "dwarf-with-dsym";
				ENABLE_NS_ASSERTIONS = NO;
				ENABLE_STRICT_OBJC_MSGSEND = YES;
				GCC_C_LANGUAGE_STANDARD = gnu99;
				GCC_NO_COMMON_BLOCKS = YES;
				GCC_WARN_64_TO_32_BIT_CONVERSION = YES;
				GCC_WARN_ABOUT_RETURN_TYPE = YES_ERROR;
				GCC_WARN_UNDECLARED_SELECTOR = YES;
				GCC_WARN_UNINITIALIZED_AUTOS = YES_AGGRESSIVE;
				GCC_WARN_UNUSED_FUNCTION = YES;
				GCC_WARN_UNUSED_VARIABLE = YES;
				IPHONEOS_DEPLOYMENT_TARGET = 10.3;
				MTL_ENABLE_DEBUG_INFO = NO;
				SDKROOT = iphoneos;
				SWIFT_OPTIMIZATION_LEVEL = "-Owholemodule";
				VALIDATE_PRODUCT = YES;
			};
			name = Release;
		};
		C23C05801F3CCF9F0061283D /* Debug */ = {
			isa = XCBuildConfiguration;
			baseConfigurationReference = 68EDC2B2827EBC75DE0A614D /* Pods-Weight Matters.debug.xcconfig */;
			buildSettings = {
				ASSETCATALOG_COMPILER_APPICON_NAME = AppIcon;
				DEVELOPMENT_TEAM = 8W9S8HSZ56;
				INFOPLIST_FILE = "Weight Matters/resources/Info.plist";
				LD_RUNPATH_SEARCH_PATHS = "$(inherited) @executable_path/Frameworks";
				PRODUCT_BUNDLE_IDENTIFIER = com.gerakilmurray.weightMatters;
				PRODUCT_NAME = "$(TARGET_NAME)";
				SWIFT_VERSION = 3.0;
			};
			name = Debug;
		};
		C23C05811F3CCF9F0061283D /* Release */ = {
			isa = XCBuildConfiguration;
			baseConfigurationReference = 4FEABC0EDECB5EF91F779425 /* Pods-Weight Matters.release.xcconfig */;
			buildSettings = {
				ASSETCATALOG_COMPILER_APPICON_NAME = AppIcon;
				DEVELOPMENT_TEAM = 8W9S8HSZ56;
				INFOPLIST_FILE = "Weight Matters/resources/Info.plist";
				LD_RUNPATH_SEARCH_PATHS = "$(inherited) @executable_path/Frameworks";
				PRODUCT_BUNDLE_IDENTIFIER = com.gerakilmurray.weightMatters;
				PRODUCT_NAME = "$(TARGET_NAME)";
				SWIFT_VERSION = 3.0;
			};
			name = Release;
		};
/* End XCBuildConfiguration section */

/* Begin XCConfigurationList section */
		C23C05681F3CCF9F0061283D /* Build configuration list for PBXProject "Weight Matters" */ = {
			isa = XCConfigurationList;
			buildConfigurations = (
				C23C057D1F3CCF9F0061283D /* Debug */,
				C23C057E1F3CCF9F0061283D /* Release */,
			);
			defaultConfigurationIsVisible = 0;
			defaultConfigurationName = Release;
		};
		C23C057F1F3CCF9F0061283D /* Build configuration list for PBXNativeTarget "Weight Matters" */ = {
			isa = XCConfigurationList;
			buildConfigurations = (
				C23C05801F3CCF9F0061283D /* Debug */,
				C23C05811F3CCF9F0061283D /* Release */,
			);
			defaultConfigurationIsVisible = 0;
			defaultConfigurationName = Release;
		};
/* End XCConfigurationList section */

/* Begin XCVersionGroup section */
		C2A3AC171F3D48B100B34ED1 /* WeightsDB.xcdatamodeld */ = {
			isa = XCVersionGroup;
			children = (
				C2A3AC181F3D48B100B34ED1 /* WeightsDB.xcdatamodel */,
			);
			currentVersion = C2A3AC181F3D48B100B34ED1 /* WeightsDB.xcdatamodel */;
			name = WeightsDB.xcdatamodeld;
			path = resources/WeightsDB.xcdatamodeld;
			sourceTree = "<group>";
			versionGroupType = wrapper.xcdatamodel;
		};
/* End XCVersionGroup section */
	};
	rootObject = C23C05651F3CCF9F0061283D /* Project object */;
}
